// !$*UTF8*$!
{
	archiveVersion = 1;
	classes = {
	};
	objectVersion = 46;
	objects = {

/* Begin PBXBuildFile section */
		0379BEC216D1C3FF00D2B073 /* CoreLocation.framework in Frameworks */ = {isa = PBXBuildFile; fileRef = 0379BEC116D1C3FF00D2B073 /* CoreLocation.framework */; };
		0379BEC416D1CB0900D2B073 /* icon.png in Resources */ = {isa = PBXBuildFile; fileRef = 0379BEC316D1CB0900D2B073 /* icon.png */; };
		038E0B9116D047950089FA61 /* UIKit.framework in Frameworks */ = {isa = PBXBuildFile; fileRef = 038E0B9016D047950089FA61 /* UIKit.framework */; };
		038E0B9316D047950089FA61 /* Foundation.framework in Frameworks */ = {isa = PBXBuildFile; fileRef = 038E0B9216D047950089FA61 /* Foundation.framework */; };
		038E0B9516D047950089FA61 /* CoreGraphics.framework in Frameworks */ = {isa = PBXBuildFile; fileRef = 038E0B9416D047950089FA61 /* CoreGraphics.framework */; };
		038E0B9B16D047950089FA61 /* InfoPlist.strings in Resources */ = {isa = PBXBuildFile; fileRef = 038E0B9916D047950089FA61 /* InfoPlist.strings */; };
		038E0B9D16D047950089FA61 /* main.m in Sources */ = {isa = PBXBuildFile; fileRef = 038E0B9C16D047950089FA61 /* main.m */; };
		038E0BA116D047950089FA61 /* JLPAppDelegate.m in Sources */ = {isa = PBXBuildFile; fileRef = 038E0BA016D047950089FA61 /* JLPAppDelegate.m */; };
		038E0BA316D047950089FA61 /* Default.png in Resources */ = {isa = PBXBuildFile; fileRef = 038E0BA216D047950089FA61 /* Default.png */; };
		038E0BA516D047950089FA61 /* Default@2x.png in Resources */ = {isa = PBXBuildFile; fileRef = 038E0BA416D047950089FA61 /* Default@2x.png */; };
		038E0BA716D047950089FA61 /* Default-568h@2x.png in Resources */ = {isa = PBXBuildFile; fileRef = 038E0BA616D047950089FA61 /* Default-568h@2x.png */; };
		038E0BAA16D047950089FA61 /* MainStoryboard.storyboard in Resources */ = {isa = PBXBuildFile; fileRef = 038E0BA816D047950089FA61 /* MainStoryboard.storyboard */; };
		038E0BAD16D047950089FA61 /* JLPViewController.m in Sources */ = {isa = PBXBuildFile; fileRef = 038E0BAC16D047950089FA61 /* JLPViewController.m */; };
		038E0BB416D059070089FA61 /* MapKit.framework in Frameworks */ = {isa = PBXBuildFile; fileRef = 038E0BB316D059070089FA61 /* MapKit.framework */; };
/* End PBXBuildFile section */

/* Begin PBXFileReference section */
		0379BEC116D1C3FF00D2B073 /* CoreLocation.framework */ = {isa = PBXFileReference; lastKnownFileType = wrapper.framework; name = CoreLocation.framework; path = System/Library/Frameworks/CoreLocation.framework; sourceTree = SDKROOT; };
		0379BEC316D1CB0900D2B073 /* icon.png */ = {isa = PBXFileReference; lastKnownFileType = image.png; name = icon.png; path = ../icon.png; sourceTree = "<group>"; };
		038E0B8D16D047950089FA61 /* Location.app */ = {isa = PBXFileReference; explicitFileType = wrapper.application; includeInIndex = 0; path = Location.app; sourceTree = BUILT_PRODUCTS_DIR; };
		038E0B9016D047950089FA61 /* UIKit.framework */ = {isa = PBXFileReference; lastKnownFileType = wrapper.framework; name = UIKit.framework; path = System/Library/Frameworks/UIKit.framework; sourceTree = SDKROOT; };
		038E0B9216D047950089FA61 /* Foundation.framework */ = {isa = PBXFileReference; lastKnownFileType = wrapper.framework; name = Foundation.framework; path = System/Library/Frameworks/Foundation.framework; sourceTree = SDKROOT; };
		038E0B9416D047950089FA61 /* CoreGraphics.framework */ = {isa = PBXFileReference; lastKnownFileType = wrapper.framework; name = CoreGraphics.framework; path = System/Library/Frameworks/CoreGraphics.framework; sourceTree = SDKROOT; };
		038E0B9816D047950089FA61 /* Location-Info.plist */ = {isa = PBXFileReference; lastKnownFileType = text.plist.xml; path = "Location-Info.plist"; sourceTree = "<group>"; };
		038E0B9A16D047950089FA61 /* en */ = {isa = PBXFileReference; lastKnownFileType = text.plist.strings; name = en; path = en.lproj/InfoPlist.strings; sourceTree = "<group>"; };
		038E0B9C16D047950089FA61 /* main.m */ = {isa = PBXFileReference; lastKnownFileType = sourcecode.c.objc; path = main.m; sourceTree = "<group>"; };
		038E0B9E16D047950089FA61 /* Location-Prefix.pch */ = {isa = PBXFileReference; lastKnownFileType = sourcecode.c.h; path = "Location-Prefix.pch"; sourceTree = "<group>"; };
		038E0B9F16D047950089FA61 /* JLPAppDelegate.h */ = {isa = PBXFileReference; lastKnownFileType = sourcecode.c.h; path = JLPAppDelegate.h; sourceTree = "<group>"; };
		038E0BA016D047950089FA61 /* JLPAppDelegate.m */ = {isa = PBXFileReference; lastKnownFileType = sourcecode.c.objc; path = JLPAppDelegate.m; sourceTree = "<group>"; };
		038E0BA216D047950089FA61 /* Default.png */ = {isa = PBXFileReference; lastKnownFileType = image.png; path = Default.png; sourceTree = "<group>"; };
		038E0BA416D047950089FA61 /* Default@2x.png */ = {isa = PBXFileReference; lastKnownFileType = image.png; path = "Default@2x.png"; sourceTree = "<group>"; };
		038E0BA616D047950089FA61 /* Default-568h@2x.png */ = {isa = PBXFileReference; lastKnownFileType = image.png; path = "Default-568h@2x.png"; sourceTree = "<group>"; };
		038E0BA916D047950089FA61 /* en */ = {isa = PBXFileReference; lastKnownFileType = file.storyboard; name = en; path = en.lproj/MainStoryboard.storyboard; sourceTree = "<group>"; };
		038E0BAB16D047950089FA61 /* JLPViewController.h */ = {isa = PBXFileReference; lastKnownFileType = sourcecode.c.h; path = JLPViewController.h; sourceTree = "<group>"; };
		038E0BAC16D047950089FA61 /* JLPViewController.m */ = {isa = PBXFileReference; lastKnownFileType = sourcecode.c.objc; path = JLPViewController.m; sourceTree = "<group>"; wrapsLines = 0; };
		038E0BB316D059070089FA61 /* MapKit.framework */ = {isa = PBXFileReference; lastKnownFileType = wrapper.framework; name = MapKit.framework; path = System/Library/Frameworks/MapKit.framework; sourceTree = SDKROOT; };
/* End PBXFileReference section */

/* Begin PBXFrameworksBuildPhase section */
		038E0B8A16D047950089FA61 /* Frameworks */ = {
			isa = PBXFrameworksBuildPhase;
			buildActionMask = 2147483647;
			files = (
				0379BEC216D1C3FF00D2B073 /* CoreLocation.framework in Frameworks */,
				038E0BB416D059070089FA61 /* MapKit.framework in Frameworks */,
				038E0B9116D047950089FA61 /* UIKit.framework in Frameworks */,
				038E0B9316D047950089FA61 /* Foundation.framework in Frameworks */,
				038E0B9516D047950089FA61 /* CoreGraphics.framework in Frameworks */,
			);
			runOnlyForDeploymentPostprocessing = 0;
		};
/* End PBXFrameworksBuildPhase section */

/* Begin PBXGroup section */
		038E0B8416D047950089FA61 = {
			isa = PBXGroup;
			children = (
				038E0B9616D047950089FA61 /* Location */,
				038E0B8F16D047950089FA61 /* Frameworks */,
				038E0B8E16D047950089FA61 /* Products */,
			);
			sourceTree = "<group>";
		};
		038E0B8E16D047950089FA61 /* Products */ = {
			isa = PBXGroup;
			children = (
				038E0B8D16D047950089FA61 /* Location.app */,
			);
			name = Products;
			sourceTree = "<group>";
		};
		038E0B8F16D047950089FA61 /* Frameworks */ = {
			isa = PBXGroup;
			children = (
				0379BEC116D1C3FF00D2B073 /* CoreLocation.framework */,
				038E0BB316D059070089FA61 /* MapKit.framework */,
				038E0B9016D047950089FA61 /* UIKit.framework */,
				038E0B9216D047950089FA61 /* Foundation.framework */,
				038E0B9416D047950089FA61 /* CoreGraphics.framework */,
			);
			name = Frameworks;
			sourceTree = "<group>";
		};
		038E0B9616D047950089FA61 /* Location */ = {
			isa = PBXGroup;
			children = (
				038E0B9F16D047950089FA61 /* JLPAppDelegate.h */,
				038E0BA016D047950089FA61 /* JLPAppDelegate.m */,
				038E0BA816D047950089FA61 /* MainStoryboard.storyboard */,
				038E0BAB16D047950089FA61 /* JLPViewController.h */,
				038E0BAC16D047950089FA61 /* JLPViewController.m */,
				038E0B9716D047950089FA61 /* Supporting Files */,
			);
			path = Location;
			sourceTree = "<group>";
		};
		038E0B9716D047950089FA61 /* Supporting Files */ = {
			isa = PBXGroup;
			children = (
				0379BEC316D1CB0900D2B073 /* icon.png */,
				038E0B9816D047950089FA61 /* Location-Info.plist */,
				038E0B9916D047950089FA61 /* InfoPlist.strings */,
				038E0B9C16D047950089FA61 /* main.m */,
				038E0B9E16D047950089FA61 /* Location-Prefix.pch */,
				038E0BA216D047950089FA61 /* Default.png */,
				038E0BA416D047950089FA61 /* Default@2x.png */,
				038E0BA616D047950089FA61 /* Default-568h@2x.png */,
			);
			name = "Supporting Files";
			sourceTree = "<group>";
		};
/* End PBXGroup section */

/* Begin PBXNativeTarget section */
		038E0B8C16D047950089FA61 /* Location */ = {
			isa = PBXNativeTarget;
			buildConfigurationList = 038E0BB016D047950089FA61 /* Build configuration list for PBXNativeTarget "Location" */;
			buildPhases = (
				038E0B8916D047950089FA61 /* Sources */,
				038E0B8A16D047950089FA61 /* Frameworks */,
				038E0B8B16D047950089FA61 /* Resources */,
			);
			buildRules = (
			);
			dependencies = (
			);
			name = Location;
			productName = Location;
			productReference = 038E0B8D16D047950089FA61 /* Location.app */;
			productType = "com.apple.product-type.application";
		};
/* End PBXNativeTarget section */

/* Begin PBXProject section */
		038E0B8516D047950089FA61 /* Project object */ = {
			isa = PBXProject;
			attributes = {
				CLASSPREFIX = JLP;
				LastUpgradeCheck = 0460;
				ORGANIZATIONNAME = "Josh Pearlstein";
			};
			buildConfigurationList = 038E0B8816D047950089FA61 /* Build configuration list for PBXProject "Location" */;
			compatibilityVersion = "Xcode 3.2";
			developmentRegion = English;
			hasScannedForEncodings = 0;
			knownRegions = (
				en,
			);
			mainGroup = 038E0B8416D047950089FA61;
			productRefGroup = 038E0B8E16D047950089FA61 /* Products */;
			projectDirPath = "";
			projectRoot = "";
			targets = (
				038E0B8C16D047950089FA61 /* Location */,
			);
		};
/* End PBXProject section */

/* Begin PBXResourcesBuildPhase section */
		038E0B8B16D047950089FA61 /* Resources */ = {
			isa = PBXResourcesBuildPhase;
			buildActionMask = 2147483647;
			files = (
				038E0B9B16D047950089FA61 /* InfoPlist.strings in Resources */,
				038E0BA316D047950089FA61 /* Default.png in Resources */,
				038E0BA516D047950089FA61 /* Default@2x.png in Resources */,
				038E0BA716D047950089FA61 /* Default-568h@2x.png in Resources */,
				038E0BAA16D047950089FA61 /* MainStoryboard.storyboard in Resources */,
				0379BEC416D1CB0900D2B073 /* icon.png in Resources */,
			);
			runOnlyForDeploymentPostprocessing = 0;
		};
/* End PBXResourcesBuildPhase section */

/* Begin PBXSourcesBuildPhase section */
		038E0B8916D047950089FA61 /* Sources */ = {
			isa = PBXSourcesBuildPhase;
			buildActionMask = 2147483647;
			files = (
				038E0B9D16D047950089FA61 /* main.m in Sources */,
				038E0BA116D047950089FA61 /* JLPAppDelegate.m in Sources */,
				038E0BAD16D047950089FA61 /* JLPViewController.m in Sources */,
			);
			runOnlyForDeploymentPostprocessing = 0;
		};
/* End PBXSourcesBuildPhase section */

/* Begin PBXVariantGroup section */
		038E0B9916D047950089FA61 /* InfoPlist.strings */ = {
			isa = PBXVariantGroup;
			children = (
				038E0B9A16D047950089FA61 /* en */,
			);
			name = InfoPlist.strings;
			sourceTree = "<group>";
		};
		038E0BA816D047950089FA61 /* MainStoryboard.storyboard */ = {
			isa = PBXVariantGroup;
			children = (
				038E0BA916D047950089FA61 /* en */,
			);
			name = MainStoryboard.storyboard;
			sourceTree = "<group>";
		};
/* End PBXVariantGroup section */

/* Begin XCBuildConfiguration section */
		038E0BAE16D047950089FA61 /* Debug */ = {
			isa = XCBuildConfiguration;
			buildSettings = {
				ALWAYS_SEARCH_USER_PATHS = NO;
				CLANG_CXX_LANGUAGE_STANDARD = "gnu++0x";
				CLANG_CXX_LIBRARY = "libc++";
				CLANG_ENABLE_OBJC_ARC = YES;
				CLANG_WARN_CONSTANT_CONVERSION = YES;
				CLANG_WARN_EMPTY_BODY = YES;
				CLANG_WARN_ENUM_CONVERSION = YES;
				CLANG_WARN_INT_CONVERSION = YES;
				CLANG_WARN__DUPLICATE_METHOD_MATCH = YES;
				"CODE_SIGN_IDENTITY[sdk=iphoneos*]" = "iPhone Developer";
				COPY_PHASE_STRIP = NO;
				GCC_C_LANGUAGE_STANDARD = gnu99;
				GCC_DYNAMIC_NO_PIC = NO;
				GCC_OPTIMIZATION_LEVEL = 0;
				GCC_PREPROCESSOR_DEFINITIONS = (
					"DEBUG=1",
					"$(inherited)",
				);
				GCC_SYMBOLS_PRIVATE_EXTERN = NO;
				GCC_WARN_ABOUT_RETURN_TYPE = YES;
				GCC_WARN_UNINITIALIZED_AUTOS = YES;
				GCC_WARN_UNUSED_VARIABLE = YES;
				IPHONEOS_DEPLOYMENT_TARGET = 6.1;
				ONLY_ACTIVE_ARCH = YES;
				SDKROOT = iphoneos;
			};
			name = Debug;
		};
		038E0BAF16D047950089FA61 /* Release */ = {
			isa = XCBuildConfiguration;
			buildSettings = {
				ALWAYS_SEARCH_USER_PATHS = NO;
				CLANG_CXX_LANGUAGE_STANDARD = "gnu++0x";
				CLANG_CXX_LIBRARY = "libc++";
				CLANG_ENABLE_OBJC_ARC = YES;
				CLANG_WARN_CONSTANT_CONVERSION = YES;
				CLANG_WARN_EMPTY_BODY = YES;
				CLANG_WARN_ENUM_CONVERSION = YES;
				CLANG_WARN_INT_CONVERSION = YES;
				CLANG_WARN__DUPLICATE_METHOD_MATCH = YES;
				"CODE_SIGN_IDENTITY[sdk=iphoneos*]" = "iPhone Developer";
				COPY_PHASE_STRIP = YES;
				GCC_C_LANGUAGE_STANDARD = gnu99;
				GCC_WARN_ABOUT_RETURN_TYPE = YES;
				GCC_WARN_UNINITIALIZED_AUTOS = YES;
				GCC_WARN_UNUSED_VARIABLE = YES;
				IPHONEOS_DEPLOYMENT_TARGET = 6.1;
				OTHER_CFLAGS = "-DNS_BLOCK_ASSERTIONS=1";
				SDKROOT = iphoneos;
				VALIDATE_PRODUCT = YES;
			};
			name = Release;
		};
		038E0BB116D047950089FA61 /* Debug */ = {
			isa = XCBuildConfiguration;
			buildSettings = {
				GCC_PRECOMPILE_PREFIX_HEADER = YES;
				GCC_PREFIX_HEADER = "Location/Location-Prefix.pch";
				INFOPLIST_FILE = "Location/Location-Info.plist";
				PRODUCT_NAME = "$(TARGET_NAME)";
				WRAPPER_EXTENSION = app;
			};
			name = Debug;
		};
		038E0BB216D047950089FA61 /* Release */ = {
			isa = XCBuildConfiguration;
			buildSettings = {
				GCC_PRECOMPILE_PREFIX_HEADER = YES;
				GCC_PREFIX_HEADER = "Location/Location-Prefix.pch";
				INFOPLIST_FILE = "Location/Location-Info.plist";
				PRODUCT_NAME = "$(TARGET_NAME)";
				WRAPPER_EXTENSION = app;
			};
			name = Release;
		};
/* End XCBuildConfiguration section */

/* Begin XCConfigurationList section */
		038E0B8816D047950089FA61 /* Build configuration list for PBXProject "Location" */ = {
			isa = XCConfigurationList;
			buildConfigurations = (
				038E0BAE16D047950089FA61 /* Debug */,
				038E0BAF16D047950089FA61 /* Release */,
			);
			defaultConfigurationIsVisible = 0;
			defaultConfigurationName = Release;
		};
		038E0BB016D047950089FA61 /* Build configuration list for PBXNativeTarget "Location" */ = {
			isa = XCConfigurationList;
			buildConfigurations = (
				038E0BB116D047950089FA61 /* Debug */,
				038E0BB216D047950089FA61 /* Release */,
			);
			defaultConfigurationIsVisible = 0;
			defaultConfigurationName = Release;
		};
/* End XCConfigurationList section */
	};
	rootObject = 038E0B8516D047950089FA61 /* Project object */;
}
